
Microsoft Visual Studio Solution File, Format Version 12.00
# Visual Studio Version 17
VisualStudioVersion = 17.5.33516.290
MinimumVisualStudioVersion = 10.0.40219.1
Project("{FAE04EC0-301F-11D3-BF4B-00C04F79EFBC}") = "Recaptcha", "Recaptcha\Recaptcha.csproj", "{CA81665F-7126-4B09-9F12-7986F2C1AF93}"
EndProject
Global
	GlobalSection(SolutionConfigurationPlatforms) = preSolution
		Debug|Any CPU = Debug|Any CPU
		Release|Any CPU = Release|Any CPU
	EndGlobalSection
	GlobalSection(ProjectConfigurationPlatforms) = postSolution
		{CA81665F-7126-4B09-9F12-7986F2C1AF93}.Debug|Any CPU.ActiveCfg = Debug|Any CPU
		{CA81665F-7126-4B09-9F12-7986F2C1AF93}.Debug|Any CPU.Build.0 = Debug|Any CPU
		{CA81665F-7126-4B09-9F12-7986F2C1AF93}.Release|Any CPU.ActiveCfg = Release|Any CPU
		{CA81665F-7126-4B09-9F12-7986F2C1AF93}.Release|Any CPU.Build.0 = Release|Any CPU
	EndGlobalSection
	GlobalSection(SolutionProperties) = preSolution
		HideSolutionNode = FALSE
	EndGlobalSection
	GlobalSection(ExtensibilityGlobals) = postSolution
		SolutionGuid = {C8165924-4394-43A4-925E-C650EB0B590B}
	EndGlobalSection
EndGlobal
